
Microsoft Visual Studio Solution File, Format Version 12.00
# Visual Studio Version 16
VisualStudioVersion = 16.0.31515.178
MinimumVisualStudioVersion = 10.0.40219.1
Project("{FAE04EC0-301F-11D3-BF4B-00C04F79EFBC}") = "MultiValueDictionary", "MultiValueDictionary\MultiValueDictionary.csproj", "{CDCFE037-1002-4F7A-8A7E-75894FF5626D}"
EndProject
Project("{FAE04EC0-301F-11D3-BF4B-00C04F79EFBC}") = "MultiValueDictionary.ClassLibrary", "MultiValueDictionary.ClassLibrary\MultiValueDictionary.ClassLibrary.csproj", "{59DA8A4A-DC0B-4FFA-9704-84A6D4B1C4FC}"
EndProject
Project("{FAE04EC0-301F-11D3-BF4B-00C04F79EFBC}") = "MultiValueDictionary.Tests", "MultiValueDictionary.Tests\MultiValueDictionary.Tests.csproj", "{F711FAD3-8CB9-4DF9-B33E-C5941948EDB7}"
EndProject
Global
	GlobalSection(SolutionConfigurationPlatforms) = preSolution
		Debug|Any CPU = Debug|Any CPU
		Release|Any CPU = Release|Any CPU
	EndGlobalSection
	GlobalSection(ProjectConfigurationPlatforms) = postSolution
		{CDCFE037-1002-4F7A-8A7E-75894FF5626D}.Debug|Any CPU.ActiveCfg = Debug|Any CPU
		{CDCFE037-1002-4F7A-8A7E-75894FF5626D}.Debug|Any CPU.Build.0 = Debug|Any CPU
		{CDCFE037-1002-4F7A-8A7E-75894FF5626D}.Release|Any CPU.ActiveCfg = Release|Any CPU
		{CDCFE037-1002-4F7A-8A7E-75894FF5626D}.Release|Any CPU.Build.0 = Release|Any CPU
		{59DA8A4A-DC0B-4FFA-9704-84A6D4B1C4FC}.Debug|Any CPU.ActiveCfg = Debug|Any CPU
		{59DA8A4A-DC0B-4FFA-9704-84A6D4B1C4FC}.Debug|Any CPU.Build.0 = Debug|Any CPU
		{59DA8A4A-DC0B-4FFA-9704-84A6D4B1C4FC}.Release|Any CPU.ActiveCfg = Release|Any CPU
		{59DA8A4A-DC0B-4FFA-9704-84A6D4B1C4FC}.Release|Any CPU.Build.0 = Release|Any CPU
		{F711FAD3-8CB9-4DF9-B33E-C5941948EDB7}.Debug|Any CPU.ActiveCfg = Debug|Any CPU
		{F711FAD3-8CB9-4DF9-B33E-C5941948EDB7}.Debug|Any CPU.Build.0 = Debug|Any CPU
		{F711FAD3-8CB9-4DF9-B33E-C5941948EDB7}.Release|Any CPU.ActiveCfg = Release|Any CPU
		{F711FAD3-8CB9-4DF9-B33E-C5941948EDB7}.Release|Any CPU.Build.0 = Release|Any CPU
	EndGlobalSection
	GlobalSection(SolutionProperties) = preSolution
		HideSolutionNode = FALSE
	EndGlobalSection
	GlobalSection(ExtensibilityGlobals) = postSolution
		SolutionGuid = {DD78AE0C-6F3F-4C40-B788-4DD240661FE2}
	EndGlobalSection
EndGlobal
